<?xml version="1.0" encoding="utf-8"?>
<Project ToolsVersion="4.0" xmlns="http://schemas.microsoft.com/developer/msbuild/2003">
  <ItemGroup>
    <Filter Include="Source Files">
      <UniqueIdentifier>{4FC737F1-C7A5-4376-A066-2A32D752A2FF}</UniqueIdentifier>
      <Extensions>cpp;c;cc;cxx;def;odl;idl;hpj;bat;asm;asmx</Extensions>
    </Filter>
    <Filter Include="Header Files">
      <UniqueIdentifier>{93995380-89BD-4b04-88EB-625FBE52EBFB}</UniqueIdentifier>
      <Extensions>h;hh;hpp;hxx;hm;inl;inc;xsd</Extensions>
    </Filter>
    <Filter Include="Resource Files">
      <UniqueIdentifier>{67DA6AB6-F800-4c08-8B7A-83BB121AAD01}</UniqueIdentifier>
      <Extensions>rc;ico;cur;bmp;dlg;rc2;rct;bin;rgs;gif;jpg;jpeg;jpe;resx;tiff;tif;png;wav;mfcribbon-ms</Extensions>
    </Filter>
    <Filter Include="Header Files\api">
      <UniqueIdentifier>{7bec9d7b-17d5-4ff3-b0c8-0b6f746548a3}</UniqueIdentifier>
    </Filter>
    <Filter Include="Source Files\com">
      <UniqueIdentifier>{77d943b9-0670-4e38-b6ad-592ad6c85094}</UniqueIdentifier>
    </Filter>
    <Filter Include="pcaudiolib">
      <UniqueIdentifier>{2e01ca9c-ccf8-4acf-b2aa-0ac89b34fc31}</UniqueIdentifier>
    </Filter>
  </ItemGroup>
  <ItemGroup>
    <ClCompile Include="..\libespeak-ng\compiledata.c">
      <Filter>Source Files</Filter>
    </ClCompile>
    <ClCompile Include="..\libespeak-ng\compiledict.c">
      <Filter>Source Files</Filter>
    </ClCompile>
    <ClCompile Include="..\libespeak-ng\compilembrola.c">
      <Filter>Source Files</Filter>
    </ClCompile>
    <ClCompile Include="..\libespeak-ng\dictionary.c">
      <Filter>Source Files</Filter>
    </ClCompile>
    <ClCompile Include="..\libespeak-ng\error.c">
      <Filter>Source Files</Filter>
    </ClCompile>
    <ClCompile Include="..\libespeak-ng\espeak_api.c">
      <Filter>Source Files</Filter>
    </ClCompile>
    <ClCompile Include="..\libespeak-ng\ieee80.c">
      <Filter>Source Files</Filter>
    </ClCompile>
    <ClCompile Include="..\libespeak-ng\intonation.c">
      <Filter>Source Files</Filter>
    </ClCompile>
    <ClCompile Include="..\libespeak-ng\numbers.c">
      <Filter>Source Files</Filter>
    </ClCompile>
    <ClCompile Include="..\libespeak-ng\readclause.c">
      <Filter>Source Files</Filter>
    </ClCompile>
    <ClCompile Include="..\libespeak-ng\phonemelist.c">
      <Filter>Source Files</Filter>
    </ClCompile>
    <ClCompile Include="..\libespeak-ng\setlengths.c">
      <Filter>Source Files</Filter>
    </ClCompile>
    <ClCompile Include="..\libespeak-ng\spect.c">
      <Filter>Source Files</Filter>
    </ClCompile>
    <ClCompile Include="..\libespeak-ng\speech.c">
      <Filter>Source Files</Filter>
    </ClCompile>
    <ClCompile Include="..\libespeak-ng\synthdata.c">
      <Filter>Source Files</Filter>
    </ClCompile>
    <ClCompile Include="..\libespeak-ng\synthesize.c">
      <Filter>Source Files</Filter>
    </ClCompile>
    <ClCompile Include="..\libespeak-ng\synth_mbrola.c">
      <Filter>Source Files</Filter>
    </ClCompile>
    <ClCompile Include="..\libespeak-ng\translate.c">
      <Filter>Source Files</Filter>
    </ClCompile>
    <ClCompile Include="..\libespeak-ng\tr_languages.c">
      <Filter>Source Files</Filter>
    </ClCompile>
    <ClCompile Include="..\libespeak-ng\voices.c">
      <Filter>Source Files</Filter>
    </ClCompile>
    <ClCompile Include="..\libespeak-ng\wavegen.c">
      <Filter>Source Files</Filter>
    </ClCompile>
    <ClCompile Include="..\libespeak-ng\klatt.c">
      <Filter>Source Files</Filter>
    </ClCompile>
    <ClCompile Include="..\libespeak-ng\langopts.c">
      <Filter>Source Files</Filter>
    </ClCompile>
    <ClCompile Include="..\libespeak-ng\mbrowrap.c">
      <Filter>Source Files</Filter>
    </ClCompile>
    <ClCompile Include="com\comentrypoints.c">
      <Filter>Source Files\com</Filter>
    </ClCompile>
    <ClCompile Include="com\ttsengine.cpp">
      <Filter>Source Files\com</Filter>
    </ClCompile>
    <ClCompile Include="..\pcaudiolib\src\audio.c">
      <Filter>pcaudiolib</Filter>
    </ClCompile>
    <ClCompile Include="..\pcaudiolib\src\windows.c">
      <Filter>pcaudiolib</Filter>
    </ClCompile>
    <ClCompile Include="..\pcaudiolib\src\xaudio2.cpp">
      <Filter>pcaudiolib</Filter>
    </ClCompile>
    <ClCompile Include="..\ucd-tools\src\case.c">
      <Filter>Source Files</Filter>
    </ClCompile>
    <ClCompile Include="..\ucd-tools\src\categories.c">
      <Filter>Source Files</Filter>
    </ClCompile>
    <ClCompile Include="..\ucd-tools\src\ctype.c">
      <Filter>Source Files</Filter>
    </ClCompile>
    <ClCompile Include="..\ucd-tools\src\proplist.c">
      <Filter>Source Files</Filter>
    </ClCompile>
    <ClCompile Include="..\ucd-tools\src\scripts.c">
      <Filter>Source Files</Filter>
    </ClCompile>
    <ClCompile Include="..\ucd-tools\src\tostring.c">
      <Filter>Source Files</Filter>
    </ClCompile>
    <ClCompile Include="..\libespeak-ng\encoding.c">
      <Filter>Source Files</Filter>
    </ClCompile>
    <ClCompile Include="..\libespeak-ng\mnemonics.c">
      <Filter>Source Files</Filter>
    </ClCompile>
    <ClCompile Include="..\libespeak-ng\phoneme.c">
      <Filter>Source Files</Filter>
    </ClCompile>
    <ClCompile Include="..\libespeak-ng\sPlayer.c">
      <Filter>Source Files</Filter>
    </ClCompile>
    <ClCompile Include="..\libespeak-ng\ssml.c">
      <Filter>Source Files</Filter>
    </ClCompile>
    <ClCompile Include="..\speechPlayer\src\frame.cpp">
      <Filter>Source Files</Filter>
    </ClCompile>
    <ClCompile Include="..\speechPlayer\src\speechPlayer.cpp">
      <Filter>Source Files</Filter>
    </ClCompile>
    <ClCompile Include="..\speechPlayer\src\speechWaveGenerator.cpp">
      <Filter>Source Files</Filter>
    </ClCompile>
    <ClCompile Include="..\libespeak-ng\soundicon.c">
      <Filter>Source Files</Filter>
    </ClCompile>
    <ClCompile Include="..\libespeak-ng\translateword.c">
      <Filter>Source Files</Filter>
    </ClCompile>
    <ClCompile Include="..\libespeak-ng\common.c">
      <Filter>Source Files</Filter>
    </ClCompile>
  </ItemGroup>
  <ItemGroup>
    <ClInclude Include="config.h">
      <Filter>Header Files</Filter>
    </ClInclude>
    <ClInclude Include="..\libespeak-ng\error.h">
      <Filter>Header Files</Filter>
    </ClInclude>
    <ClInclude Include="..\libespeak-ng\phoneme.h">
      <Filter>Header Files</Filter>
    </ClInclude>
    <ClInclude Include="..\libespeak-ng\sintab.h">
      <Filter>Header Files</Filter>
    </ClInclude>
    <ClInclude Include="..\libespeak-ng\spect.h">
      <Filter>Header Files</Filter>
    </ClInclude>
    <ClInclude Include="..\libespeak-ng\speech.h">
      <Filter>Header Files</Filter>
    </ClInclude>
    <ClInclude Include="..\include\espeak-ng\speak_lib.h">
      <Filter>Header Files\api</Filter>
    </ClInclude>
    <ClInclude Include="..\include\espeak-ng\espeak_ng.h">
      <Filter>Header Files\api</Filter>
    </ClInclude>
    <ClInclude Include="..\libespeak-ng\synthesize.h">
      <Filter>Header Files</Filter>
    </ClInclude>
    <ClInclude Include="..\libespeak-ng\translate.h">
      <Filter>Header Files</Filter>
    </ClInclude>
    <ClInclude Include="..\libespeak-ng\voice.h">
      <Filter>Header Files</Filter>
    </ClInclude>
    <ClInclude Include="..\libespeak-ng\klatt.h">
      <Filter>Header Files</Filter>
    </ClInclude>
    <ClInclude Include="..\libespeak-ng\langopts.h">
      <Filter>Header Files</Filter>
    </ClInclude>
    <ClInclude Include="..\libespeak-ng\mbrowrap.h">
      <Filter>Header Files</Filter>
    </ClInclude>
    <ClInclude Include="..\pcaudiolib\src\audio_priv.h">
      <Filter>pcaudiolib</Filter>
    </ClInclude>
    <ClInclude Include="..\pcaudiolib\src\include\pcaudiolib\audio.h">
      <Filter>pcaudiolib</Filter>
    </ClInclude>
    <ClInclude Include="..\include\ucd-tools\src\include\ucd\ucd.h">
      <Filter>Header Files</Filter>
    </ClInclude>
    <ClInclude Include="..\libespeak-ng\sPlayer.h">
      <Filter>Header Files</Filter>
    </ClInclude>
    <ClInclude Include="..\libespeak-ng\soundicon.h">
      <Filter>Header Files</Filter>
    </ClInclude>
    <ClInclude Include="..\libespeak-ng\translateword.h">
      <Filter>Header Files</Filter>
    </ClInclude>
    <ClInclude Include="..\libespeak-ng\common.h">
      <Filter>Header Files</Filter>
    </ClInclude>
  </ItemGroup>
  <ItemGroup>
    <None Include="libespeak-ng.def">
      <Filter>Source Files</Filter>
    </None>
  </ItemGroup>
</Project>
